
Microsoft Visual Studio Solution File, Format Version 12.00
# Visual Studio Version 16
VisualStudioVersion = 16.0.31410.357
MinimumVisualStudioVersion = 10.0.40219.1
Project("{FAE04EC0-301F-11D3-BF4B-00C04F79EFBC}") = "GTA5-RDR2-Private-Session", "GTA5-RDR2-Private-Session\GTA5-RDR2-Private-Session.csproj", "{CBB17A15-2DBE-4227-9188-35EBB15C3CEA}"
EndProject
Global
	GlobalSection(SolutionConfigurationPlatforms) = preSolution
		Debug|Any CPU = Debug|Any CPU
		Release|Any CPU = Release|Any CPU
	EndGlobalSection
	GlobalSection(ProjectConfigurationPlatforms) = postSolution
		{CBB17A15-2DBE-4227-9188-35EBB15C3CEA}.Debug|Any CPU.ActiveCfg = Debug|Any CPU
		{CBB17A15-2DBE-4227-9188-35EBB15C3CEA}.Debug|Any CPU.Build.0 = Debug|Any CPU
		{CBB17A15-2DBE-4227-9188-35EBB15C3CEA}.Release|Any CPU.ActiveCfg = Release|Any CPU
		{CBB17A15-2DBE-4227-9188-35EBB15C3CEA}.Release|Any CPU.Build.0 = Release|Any CPU
	EndGlobalSection
	GlobalSection(SolutionProperties) = preSolution
		HideSolutionNode = FALSE
	EndGlobalSection
	GlobalSection(ExtensibilityGlobals) = postSolution
		SolutionGuid = {B7D523B9-C05C-46C3-B627-1B4EEE3EDD82}
	EndGlobalSection
EndGlobal
